// !$*UTF8*$!
{
	archiveVersion = 1;
	classes = {
	};
	objectVersion = 77;
	objects = {

/* Begin PBXBuildFile section */
		9D45B7C62DB7C61C001FB1A6 /* DotLottie in Frameworks */ = {isa = PBXBuildFile; productRef = 9D45B7C52DB7C61C001FB1A6 /* DotLottie */; };
		9D45B7C92DB7C653001FB1A6 /* Auth in Frameworks */ = {isa = PBXBuildFile; productRef = 9D45B7C82DB7C653001FB1A6 /* Auth */; };
		9D45B7CB2DB7C653001FB1A6 /* Functions in Frameworks */ = {isa = PBXBuildFile; productRef = 9D45B7CA2DB7C653001FB1A6 /* Functions */; };
		9D45B7CD2DB7C653001FB1A6 /* PostgREST in Frameworks */ = {isa = PBXBuildFile; productRef = 9D45B7CC2DB7C653001FB1A6 /* PostgREST */; };
		9D45B7CF2DB7C653001FB1A6 /* Realtime in Frameworks */ = {isa = PBXBuildFile; productRef = 9D45B7CE2DB7C653001FB1A6 /* Realtime */; };
		9D45B7D12DB7C653001FB1A6 /* Storage in Frameworks */ = {isa = PBXBuildFile; productRef = 9D45B7D02DB7C653001FB1A6 /* Storage */; };
		9D45B7D32DB7C653001FB1A6 /* Supabase in Frameworks */ = {isa = PBXBuildFile; productRef = 9D45B7D22DB7C653001FB1A6 /* Supabase */; };
		9D9842F02DBB8BDD0070D9AF /* NavigationBarLargeTitleItems in Frameworks */ = {isa = PBXBuildFile; productRef = 9D9842EF2DBB8BDD0070D9AF /* NavigationBarLargeTitleItems */; };
/* End PBXBuildFile section */

/* Begin PBXFileReference section */
		9D18190F2DB1775900BD3489 /* lms.app */ = {isa = PBXFileReference; explicitFileType = wrapper.application; includeInIndex = 0; path = lms.app; sourceTree = BUILT_PRODUCTS_DIR; };
/* End PBXFileReference section */

/* Begin PBXFileSystemSynchronizedBuildFileExceptionSet section */
		9D7641B42DBF5065007F6598 /* Exceptions for "lms" folder in "lms" target */ = {
			isa = PBXFileSystemSynchronizedBuildFileExceptionSet;
			membershipExceptions = (
				Info.plist,
			);
			target = 9D18190E2DB1775900BD3489 /* lms */;
		};
/* End PBXFileSystemSynchronizedBuildFileExceptionSet section */

/* Begin PBXFileSystemSynchronizedRootGroup section */
		9D1819112DB1775900BD3489 /* lms */ = {
			isa = PBXFileSystemSynchronizedRootGroup;
			exceptions = (
				9D7641B42DBF5065007F6598 /* Exceptions for "lms" folder in "lms" target */,
			);
			path = lms;
			sourceTree = "<group>";
		};
/* End PBXFileSystemSynchronizedRootGroup section */

/* Begin PBXFrameworksBuildPhase section */
		9D18190C2DB1775900BD3489 /* Frameworks */ = {
			isa = PBXFrameworksBuildPhase;
			buildActionMask = 2147483647;
			files = (
				9D9842F02DBB8BDD0070D9AF /* NavigationBarLargeTitleItems in Frameworks */,
				9D45B7D32DB7C653001FB1A6 /* Supabase in Frameworks */,
				9D45B7D12DB7C653001FB1A6 /* Storage in Frameworks */,
				9D45B7CD2DB7C653001FB1A6 /* PostgREST in Frameworks */,
				9D45B7CB2DB7C653001FB1A6 /* Functions in Frameworks */,
				9D45B7C92DB7C653001FB1A6 /* Auth in Frameworks */,
				9D45B7CF2DB7C653001FB1A6 /* Realtime in Frameworks */,
				9D45B7C62DB7C61C001FB1A6 /* DotLottie in Frameworks */,
			);
			runOnlyForDeploymentPostprocessing = 0;
		};
/* End PBXFrameworksBuildPhase section */

/* Begin PBXGroup section */
		9D1819062DB1775900BD3489 = {
			isa = PBXGroup;
			children = (
				9D1819112DB1775900BD3489 /* lms */,
				9D1819102DB1775900BD3489 /* Products */,
			);
			sourceTree = "<group>";
		};
		9D1819102DB1775900BD3489 /* Products */ = {
			isa = PBXGroup;
			children = (
				9D18190F2DB1775900BD3489 /* lms.app */,
			);
			name = Products;
			sourceTree = "<group>";
		};
/* End PBXGroup section */

/* Begin PBXNativeTarget section */
		9D18190E2DB1775900BD3489 /* lms */ = {
			isa = PBXNativeTarget;
			buildConfigurationList = 9D18191A2DB1775A00BD3489 /* Build configuration list for PBXNativeTarget "lms" */;
			buildPhases = (
				9D18190B2DB1775900BD3489 /* Sources */,
				9D18190C2DB1775900BD3489 /* Frameworks */,
				9D18190D2DB1775900BD3489 /* Resources */,
			);
			buildRules = (
			);
			dependencies = (
			);
			fileSystemSynchronizedGroups = (
				9D1819112DB1775900BD3489 /* lms */,
			);
			name = lms;
			packageProductDependencies = (
				9D45B7C52DB7C61C001FB1A6 /* DotLottie */,
				9D45B7C82DB7C653001FB1A6 /* Auth */,
				9D45B7CA2DB7C653001FB1A6 /* Functions */,
				9D45B7CC2DB7C653001FB1A6 /* PostgREST */,
				9D45B7CE2DB7C653001FB1A6 /* Realtime */,
				9D45B7D02DB7C653001FB1A6 /* Storage */,
				9D45B7D22DB7C653001FB1A6 /* Supabase */,
				9D9842EF2DBB8BDD0070D9AF /* NavigationBarLargeTitleItems */,
			);
			productName = lms;
			productReference = 9D18190F2DB1775900BD3489 /* lms.app */;
			productType = "com.apple.product-type.application";
		};
/* End PBXNativeTarget section */

/* Begin PBXProject section */
		9D1819072DB1775900BD3489 /* Project object */ = {
			isa = PBXProject;
			attributes = {
				BuildIndependentTargetsInParallel = 1;
				LastSwiftUpdateCheck = 1630;
				LastUpgradeCheck = 1630;
				TargetAttributes = {
					9D18190E2DB1775900BD3489 = {
						CreatedOnToolsVersion = 16.3;
					};
				};
			};
			buildConfigurationList = 9D18190A2DB1775900BD3489 /* Build configuration list for PBXProject "lms" */;
			developmentRegion = en;
			hasScannedForEncodings = 0;
			knownRegions = (
				en,
				Base,
			);
			mainGroup = 9D1819062DB1775900BD3489;
			minimizedProjectReferenceProxies = 1;
			packageReferences = (
				9D45B7C42DB7C61C001FB1A6 /* XCRemoteSwiftPackageReference "dotlottie-ios" */,
				9D45B7C72DB7C653001FB1A6 /* XCRemoteSwiftPackageReference "supabase-swift" */,
				9D9842EE2DBB8BDD0070D9AF /* XCRemoteSwiftPackageReference "NavigationBarLargeTitleItems" */,
			);
			preferredProjectObjectVersion = 77;
			productRefGroup = 9D1819102DB1775900BD3489 /* Products */;
			projectDirPath = "";
			projectRoot = "";
			targets = (
				9D18190E2DB1775900BD3489 /* lms */,
			);
		};
/* End PBXProject section */

/* Begin PBXResourcesBuildPhase section */
		9D18190D2DB1775900BD3489 /* Resources */ = {
			isa = PBXResourcesBuildPhase;
			buildActionMask = 2147483647;
			files = (
			);
			runOnlyForDeploymentPostprocessing = 0;
		};
/* End PBXResourcesBuildPhase section */

/* Begin PBXSourcesBuildPhase section */
		9D18190B2DB1775900BD3489 /* Sources */ = {
			isa = PBXSourcesBuildPhase;
			buildActionMask = 2147483647;
			files = (
			);
			runOnlyForDeploymentPostprocessing = 0;
		};
/* End PBXSourcesBuildPhase section */

/* Begin XCBuildConfiguration section */
		9D1819182DB1775A00BD3489 /* Debug */ = {
			isa = XCBuildConfiguration;
			buildSettings = {
				ALWAYS_SEARCH_USER_PATHS = NO;
				ASSETCATALOG_COMPILER_GENERATE_SWIFT_ASSET_SYMBOL_EXTENSIONS = YES;
				CLANG_ANALYZER_NONNULL = YES;
				CLANG_ANALYZER_NUMBER_OBJECT_CONVERSION = YES_AGGRESSIVE;
				CLANG_CXX_LANGUAGE_STANDARD = "gnu++20";
				CLANG_ENABLE_MODULES = YES;
				CLANG_ENABLE_OBJC_ARC = YES;
				CLANG_ENABLE_OBJC_WEAK = YES;
				CLANG_WARN_BLOCK_CAPTURE_AUTORELEASING = YES;
				CLANG_WARN_BOOL_CONVERSION = YES;
				CLANG_WARN_COMMA = YES;
				CLANG_WARN_CONSTANT_CONVERSION = YES;
				CLANG_WARN_DEPRECATED_OBJC_IMPLEMENTATIONS = YES;
				CLANG_WARN_DIRECT_OBJC_ISA_USAGE = YES_ERROR;
				CLANG_WARN_DOCUMENTATION_COMMENTS = YES;
				CLANG_WARN_EMPTY_BODY = YES;
				CLANG_WARN_ENUM_CONVERSION = YES;
				CLANG_WARN_INFINITE_RECURSION = YES;
				CLANG_WARN_INT_CONVERSION = YES;
				CLANG_WARN_NON_LITERAL_NULL_CONVERSION = YES;
				CLANG_WARN_OBJC_IMPLICIT_RETAIN_SELF = YES;
				CLANG_WARN_OBJC_LITERAL_CONVERSION = YES;
				CLANG_WARN_OBJC_ROOT_CLASS = YES_ERROR;
				CLANG_WARN_QUOTED_INCLUDE_IN_FRAMEWORK_HEADER = YES;
				CLANG_WARN_RANGE_LOOP_ANALYSIS = YES;
				CLANG_WARN_STRICT_PROTOTYPES = YES;
				CLANG_WARN_SUSPICIOUS_MOVE = YES;
				CLANG_WARN_UNGUARDED_AVAILABILITY = YES_AGGRESSIVE;
				CLANG_WARN_UNREACHABLE_CODE = YES;
				CLANG_WARN__DUPLICATE_METHOD_MATCH = YES;
				COPY_PHASE_STRIP = NO;
				DEBUG_INFORMATION_FORMAT = dwarf;
				DEVELOPMENT_TEAM = G2TY2Q3KD8;
				ENABLE_STRICT_OBJC_MSGSEND = YES;
				ENABLE_TESTABILITY = YES;
				ENABLE_USER_SCRIPT_SANDBOXING = YES;
				GCC_C_LANGUAGE_STANDARD = gnu17;
				GCC_DYNAMIC_NO_PIC = NO;
				GCC_NO_COMMON_BLOCKS = YES;
				GCC_OPTIMIZATION_LEVEL = 0;
				GCC_PREPROCESSOR_DEFINITIONS = (
					"DEBUG=1",
					"$(inherited)",
				);
				GCC_WARN_64_TO_32_BIT_CONVERSION = YES;
				GCC_WARN_ABOUT_RETURN_TYPE = YES_ERROR;
				GCC_WARN_UNDECLARED_SELECTOR = YES;
				GCC_WARN_UNINITIALIZED_AUTOS = YES_AGGRESSIVE;
				GCC_WARN_UNUSED_FUNCTION = YES;
				GCC_WARN_UNUSED_VARIABLE = YES;
				IPHONEOS_DEPLOYMENT_TARGET = 18.4;
				LOCALIZATION_PREFERS_STRING_CATALOGS = YES;
				MTL_ENABLE_DEBUG_INFO = INCLUDE_SOURCE;
				MTL_FAST_MATH = YES;
				ONLY_ACTIVE_ARCH = YES;
				SDKROOT = iphoneos;
				SWIFT_ACTIVE_COMPILATION_CONDITIONS = "DEBUG $(inherited)";
				SWIFT_OPTIMIZATION_LEVEL = "-Onone";
			};
			name = Debug;
		};
		9D1819192DB1775A00BD3489 /* Release */ = {
			isa = XCBuildConfiguration;
			buildSettings = {
				ALWAYS_SEARCH_USER_PATHS = NO;
				ASSETCATALOG_COMPILER_GENERATE_SWIFT_ASSET_SYMBOL_EXTENSIONS = YES;
				CLANG_ANALYZER_NONNULL = YES;
				CLANG_ANALYZER_NUMBER_OBJECT_CONVERSION = YES_AGGRESSIVE;
				CLANG_CXX_LANGUAGE_STANDARD = "gnu++20";
				CLANG_ENABLE_MODULES = YES;
				CLANG_ENABLE_OBJC_ARC = YES;
				CLANG_ENABLE_OBJC_WEAK = YES;
				CLANG_WARN_BLOCK_CAPTURE_AUTORELEASING = YES;
				CLANG_WARN_BOOL_CONVERSION = YES;
				CLANG_WARN_COMMA = YES;
				CLANG_WARN_CONSTANT_CONVERSION = YES;
				CLANG_WARN_DEPRECATED_OBJC_IMPLEMENTATIONS = YES;
				CLANG_WARN_DIRECT_OBJC_ISA_USAGE = YES_ERROR;
				CLANG_WARN_DOCUMENTATION_COMMENTS = YES;
				CLANG_WARN_EMPTY_BODY = YES;
				CLANG_WARN_ENUM_CONVERSION = YES;
				CLANG_WARN_INFINITE_RECURSION = YES;
				CLANG_WARN_INT_CONVERSION = YES;
				CLANG_WARN_NON_LITERAL_NULL_CONVERSION = YES;
				CLANG_WARN_OBJC_IMPLICIT_RETAIN_SELF = YES;
				CLANG_WARN_OBJC_LITERAL_CONVERSION = YES;
				CLANG_WARN_OBJC_ROOT_CLASS = YES_ERROR;
				CLANG_WARN_QUOTED_INCLUDE_IN_FRAMEWORK_HEADER = YES;
				CLANG_WARN_RANGE_LOOP_ANALYSIS = YES;
				CLANG_WARN_STRICT_PROTOTYPES = YES;
				CLANG_WARN_SUSPICIOUS_MOVE = YES;
				CLANG_WARN_UNGUARDED_AVAILABILITY = YES_AGGRESSIVE;
				CLANG_WARN_UNREACHABLE_CODE = YES;
				CLANG_WARN__DUPLICATE_METHOD_MATCH = YES;
				COPY_PHASE_STRIP = NO;
				DEBUG_INFORMATION_FORMAT = "dwarf-with-dsym";
				DEVELOPMENT_TEAM = G2TY2Q3KD8;
				ENABLE_NS_ASSERTIONS = NO;
				ENABLE_STRICT_OBJC_MSGSEND = YES;
				ENABLE_USER_SCRIPT_SANDBOXING = YES;
				GCC_C_LANGUAGE_STANDARD = gnu17;
				GCC_NO_COMMON_BLOCKS = YES;
				GCC_WARN_64_TO_32_BIT_CONVERSION = YES;
				GCC_WARN_ABOUT_RETURN_TYPE = YES_ERROR;
				GCC_WARN_UNDECLARED_SELECTOR = YES;
				GCC_WARN_UNINITIALIZED_AUTOS = YES_AGGRESSIVE;
				GCC_WARN_UNUSED_FUNCTION = YES;
				GCC_WARN_UNUSED_VARIABLE = YES;
				IPHONEOS_DEPLOYMENT_TARGET = 18.4;
				LOCALIZATION_PREFERS_STRING_CATALOGS = YES;
				MTL_ENABLE_DEBUG_INFO = NO;
				MTL_FAST_MATH = YES;
				SDKROOT = iphoneos;
				SWIFT_COMPILATION_MODE = wholemodule;
				VALIDATE_PRODUCT = YES;
			};
			name = Release;
		};
		9D18191B2DB1775A00BD3489 /* Debug */ = {
			isa = XCBuildConfiguration;
			buildSettings = {
				ASSETCATALOG_COMPILER_APPICON_NAME = AppIcon;
				ASSETCATALOG_COMPILER_GLOBAL_ACCENT_COLOR_NAME = AccentColor;
				CODE_SIGN_STYLE = Automatic;
				CURRENT_PROJECT_VERSION = 1;
				DEVELOPMENT_TEAM = VQM3323YAP;
				ENABLE_PREVIEWS = YES;
				GENERATE_INFOPLIST_FILE = YES;
				INFOPLIST_FILE = lms/Info.plist;
				INFOPLIST_KEY_CFBundleDisplayName = ShelfSpace;
				INFOPLIST_KEY_LSApplicationCategoryType = "public.app-category.books";
				INFOPLIST_KEY_NSCameraUsageDescription = "Use camera to scan books";
				INFOPLIST_KEY_UIApplicationSceneManifest_Generation = YES;
				INFOPLIST_KEY_UIApplicationSupportsIndirectInputEvents = YES;
				INFOPLIST_KEY_UILaunchScreen_Generation = YES;
				INFOPLIST_KEY_UISupportedInterfaceOrientations_iPad = "UIInterfaceOrientationPortrait UIInterfaceOrientationPortraitUpsideDown UIInterfaceOrientationLandscapeLeft UIInterfaceOrientationLandscapeRight";
				INFOPLIST_KEY_UISupportedInterfaceOrientations_iPhone = "UIInterfaceOrientationPortrait UIInterfaceOrientationLandscapeLeft UIInterfaceOrientationLandscapeRight";
				IPHONEOS_DEPLOYMENT_TARGET = 16.6;
				LD_RUNPATH_SEARCH_PATHS = (
					"$(inherited)",
					"@executable_path/Frameworks",
				);
				MARKETING_VERSION = 1.0;
				PRODUCT_BUNDLE_IDENTIFIER = in.dj.lms1;
				PRODUCT_NAME = "$(TARGET_NAME)";
				SWIFT_EMIT_LOC_STRINGS = YES;
				SWIFT_VERSION = 5.0;
				TARGETED_DEVICE_FAMILY = "1,2";
			};
			name = Debug;
		};
		9D18191C2DB1775A00BD3489 /* Release */ = {
			isa = XCBuildConfiguration;
			buildSettings = {
				ASSETCATALOG_COMPILER_APPICON_NAME = AppIcon;
				ASSETCATALOG_COMPILER_GLOBAL_ACCENT_COLOR_NAME = AccentColor;
				CODE_SIGN_STYLE = Automatic;
				CURRENT_PROJECT_VERSION = 1;
				DEVELOPMENT_TEAM = VQM3323YAP;
				ENABLE_PREVIEWS = YES;
				GENERATE_INFOPLIST_FILE = YES;
				INFOPLIST_FILE = lms/Info.plist;
				INFOPLIST_KEY_CFBundleDisplayName = ShelfSpace;
				INFOPLIST_KEY_LSApplicationCategoryType = "public.app-category.books";
				INFOPLIST_KEY_NSCameraUsageDescription = "Use camera to scan books";
				INFOPLIST_KEY_UIApplicationSceneManifest_Generation = YES;
				INFOPLIST_KEY_UIApplicationSupportsIndirectInputEvents = YES;
				INFOPLIST_KEY_UILaunchScreen_Generation = YES;
				INFOPLIST_KEY_UISupportedInterfaceOrientations_iPad = "UIInterfaceOrientationPortrait UIInterfaceOrientationPortraitUpsideDown UIInterfaceOrientationLandscapeLeft UIInterfaceOrientationLandscapeRight";
				INFOPLIST_KEY_UISupportedInterfaceOrientations_iPhone = "UIInterfaceOrientationPortrait UIInterfaceOrientationLandscapeLeft UIInterfaceOrientationLandscapeRight";
				IPHONEOS_DEPLOYMENT_TARGET = 16.6;
				LD_RUNPATH_SEARCH_PATHS = (
					"$(inherited)",
					"@executable_path/Frameworks",
				);
				MARKETING_VERSION = 1.0;
				PRODUCT_BUNDLE_IDENTIFIER = in.dj.lms1;
				PRODUCT_NAME = "$(TARGET_NAME)";
				SWIFT_EMIT_LOC_STRINGS = YES;
				SWIFT_VERSION = 5.0;
				TARGETED_DEVICE_FAMILY = "1,2";
			};
			name = Release;
		};
/* End XCBuildConfiguration section */

/* Begin XCConfigurationList section */
		9D18190A2DB1775900BD3489 /* Build configuration list for PBXProject "lms" */ = {
			isa = XCConfigurationList;
			buildConfigurations = (
				9D1819182DB1775A00BD3489 /* Debug */,
				9D1819192DB1775A00BD3489 /* Release */,
			);
			defaultConfigurationIsVisible = 0;
			defaultConfigurationName = Release;
		};
		9D18191A2DB1775A00BD3489 /* Build configuration list for PBXNativeTarget "lms" */ = {
			isa = XCConfigurationList;
			buildConfigurations = (
				9D18191B2DB1775A00BD3489 /* Debug */,
				9D18191C2DB1775A00BD3489 /* Release */,
			);
			defaultConfigurationIsVisible = 0;
			defaultConfigurationName = Release;
		};
/* End XCConfigurationList section */

/* Begin XCRemoteSwiftPackageReference section */
		9D45B7C42DB7C61C001FB1A6 /* XCRemoteSwiftPackageReference "dotlottie-ios" */ = {
			isa = XCRemoteSwiftPackageReference;
			repositoryURL = "https://github.com/LottieFiles/dotlottie-ios";
			requirement = {
				branch = main;
				kind = branch;
			};
		};
		9D45B7C72DB7C653001FB1A6 /* XCRemoteSwiftPackageReference "supabase-swift" */ = {
			isa = XCRemoteSwiftPackageReference;
			repositoryURL = "https://github.com/supabase/supabase-swift.git";
			requirement = {
				kind = upToNextMajorVersion;
				minimumVersion = 2.5.1;
			};
		};
		9D9842EE2DBB8BDD0070D9AF /* XCRemoteSwiftPackageReference "NavigationBarLargeTitleItems" */ = {
			isa = XCRemoteSwiftPackageReference;
			repositoryURL = "https://github.com/markvanwijnen/NavigationBarLargeTitleItems.git";
			requirement = {
				branch = master;
				kind = branch;
			};
		};
/* End XCRemoteSwiftPackageReference section */

/* Begin XCSwiftPackageProductDependency section */
		9D45B7C52DB7C61C001FB1A6 /* DotLottie */ = {
			isa = XCSwiftPackageProductDependency;
			package = 9D45B7C42DB7C61C001FB1A6 /* XCRemoteSwiftPackageReference "dotlottie-ios" */;
			productName = DotLottie;
		};
		9D45B7C82DB7C653001FB1A6 /* Auth */ = {
			isa = XCSwiftPackageProductDependency;
			package = 9D45B7C72DB7C653001FB1A6 /* XCRemoteSwiftPackageReference "supabase-swift" */;
			productName = Auth;
		};
		9D45B7CA2DB7C653001FB1A6 /* Functions */ = {
			isa = XCSwiftPackageProductDependency;
			package = 9D45B7C72DB7C653001FB1A6 /* XCRemoteSwiftPackageReference "supabase-swift" */;
			productName = Functions;
		};
		9D45B7CC2DB7C653001FB1A6 /* PostgREST */ = {
			isa = XCSwiftPackageProductDependency;
			package = 9D45B7C72DB7C653001FB1A6 /* XCRemoteSwiftPackageReference "supabase-swift" */;
			productName = PostgREST;
		};
		9D45B7CE2DB7C653001FB1A6 /* Realtime */ = {
			isa = XCSwiftPackageProductDependency;
			package = 9D45B7C72DB7C653001FB1A6 /* XCRemoteSwiftPackageReference "supabase-swift" */;
			productName = Realtime;
		};
		9D45B7D02DB7C653001FB1A6 /* Storage */ = {
			isa = XCSwiftPackageProductDependency;
			package = 9D45B7C72DB7C653001FB1A6 /* XCRemoteSwiftPackageReference "supabase-swift" */;
			productName = Storage;
		};
		9D45B7D22DB7C653001FB1A6 /* Supabase */ = {
			isa = XCSwiftPackageProductDependency;
			package = 9D45B7C72DB7C653001FB1A6 /* XCRemoteSwiftPackageReference "supabase-swift" */;
			productName = Supabase;
		};
		9D9842EF2DBB8BDD0070D9AF /* NavigationBarLargeTitleItems */ = {
			isa = XCSwiftPackageProductDependency;
			package = 9D9842EE2DBB8BDD0070D9AF /* XCRemoteSwiftPackageReference "NavigationBarLargeTitleItems" */;
			productName = NavigationBarLargeTitleItems;
		};
/* End XCSwiftPackageProductDependency section */
	};
	rootObject = 9D1819072DB1775900BD3489 /* Project object */;
}
